Microsoft Visual Studio Solution File, Format Version 11.00
# Visual Studio 2010
Project("{FAE04EC0-301F-11D3-BF4B-00C04F79EFBC}") = "TransparentEditorExample", "TransparentEditorExample\TransparentEditorExample.csproj", "{B0873E78-B110-4C47-B0B7-8C4E1ADFBFA6}"
	ProjectSection(WebsiteProperties) = preProject
		Debug.AspNetCompiler.Debug = "True"
		Release.AspNetCompiler.Debug = "False"
	TargetFrameworkMoniker = ".NETFramework,Version%3Dv4.0"
EndProjectSection
EndProject
Global
	GlobalSection(SolutionConfigurationPlatforms) = preSolution
		Debug|Any CPU = Debug|Any CPU
		Release|Any CPU = Release|Any CPU
	EndGlobalSection
	GlobalSection(ProjectConfigurationPlatforms) = postSolution
		{B0873E78-B110-4C47-B0B7-8C4E1ADFBFA6}.Debug|Any CPU.ActiveCfg = Debug|Any CPU
		{B0873E78-B110-4C47-B0B7-8C4E1ADFBFA6}.Debug|Any CPU.Build.0 = Debug|Any CPU
		{B0873E78-B110-4C47-B0B7-8C4E1ADFBFA6}.Release|Any CPU.ActiveCfg = Release|Any CPU
		{B0873E78-B110-4C47-B0B7-8C4E1ADFBFA6}.Release|Any CPU.Build.0 = Release|Any CPU
	EndGlobalSection
	GlobalSection(SolutionProperties) = preSolution
		HideSolutionNode = FALSE
	EndGlobalSection
EndGlobal
